
Microsoft Visual Studio Solution File, Format Version 12.00
# Visual Studio Version 17
VisualStudioVersion = 17.4.33213.308
MinimumVisualStudioVersion = 10.0.40219.1
Project("{FAE04EC0-301F-11D3-BF4B-00C04F79EFBC}") = "borges", "borges\borges.csproj", "{5F54EBDD-8B5B-4ECC-93FD-550EE2176A55}"
	ProjectSection(ProjectDependencies) = postProject
		{687CD8C0-C2EC-4A4D-9B9E-D51E078552C2} = {687CD8C0-C2EC-4A4D-9B9E-D51E078552C2}
	EndProjectSection
EndProject
Project("{FAE04EC0-301F-11D3-BF4B-00C04F79EFBC}") = "biblioteca_uteis", "biblioteca_uteis\biblioteca_uteis.csproj", "{687CD8C0-C2EC-4A4D-9B9E-D51E078552C2}"
EndProject
Global
	GlobalSection(SolutionConfigurationPlatforms) = preSolution
		Debug|Any CPU = Debug|Any CPU
		Release|Any CPU = Release|Any CPU
	EndGlobalSection
	GlobalSection(ProjectConfigurationPlatforms) = postSolution
		{5F54EBDD-8B5B-4ECC-93FD-550EE2176A55}.Debug|Any CPU.ActiveCfg = Debug|Any CPU
		{5F54EBDD-8B5B-4ECC-93FD-550EE2176A55}.Debug|Any CPU.Build.0 = Debug|Any CPU
		{5F54EBDD-8B5B-4ECC-93FD-550EE2176A55}.Release|Any CPU.ActiveCfg = Release|Any CPU
		{5F54EBDD-8B5B-4ECC-93FD-550EE2176A55}.Release|Any CPU.Build.0 = Release|Any CPU
		{687CD8C0-C2EC-4A4D-9B9E-D51E078552C2}.Debug|Any CPU.ActiveCfg = Debug|Any CPU
		{687CD8C0-C2EC-4A4D-9B9E-D51E078552C2}.Debug|Any CPU.Build.0 = Debug|Any CPU
		{687CD8C0-C2EC-4A4D-9B9E-D51E078552C2}.Release|Any CPU.ActiveCfg = Release|Any CPU
		{687CD8C0-C2EC-4A4D-9B9E-D51E078552C2}.Release|Any CPU.Build.0 = Release|Any CPU
	EndGlobalSection
	GlobalSection(SolutionProperties) = preSolution
		HideSolutionNode = FALSE
	EndGlobalSection
	GlobalSection(ExtensibilityGlobals) = postSolution
		SolutionGuid = {4934AAB3-4F2B-486E-A478-4CF301237554}
	EndGlobalSection
EndGlobal
